<?xml version="1.0" encoding="utf-8"?>
<Project ToolsVersion="4.0" xmlns="http://schemas.microsoft.com/developer/msbuild/2003">
  <ItemGroup>
    <Filter Include="source">
      <UniqueIdentifier>{4FC737F1-C7A5-4376-A066-2A32D752A2FF}</UniqueIdentifier>
      <Extensions>cpp;c;cc;cxx;c++;cppm;ixx;def;odl;idl;hpj;bat;asm;asmx</Extensions>
    </Filter>
    <Filter Include="source\funtions">
      <UniqueIdentifier>{7eeaf730-f2f4-4363-a681-4c635157dbc2}</UniqueIdentifier>
    </Filter>
    <Filter Include="header/includes">
      <UniqueIdentifier>{93995380-89BD-4b04-88EB-625FBE52EBFB}</UniqueIdentifier>
      <Extensions>h;hh;hpp;hxx;h++;hm;inl;inc;ipp;xsd</Extensions>
    </Filter>
    <Filter Include="header/includes\ImGui">
      <UniqueIdentifier>{7b2270dc-69b7-4784-8db7-61f0ee3d462d}</UniqueIdentifier>
    </Filter>
  </ItemGroup>
  <ItemGroup>
    <ClCompile Include="main.cpp">
      <Filter>source</Filter>
    </ClCompile>
    <ClCompile Include="ImGui\imgui.cpp">
      <Filter>header/includes\ImGui</Filter>
    </ClCompile>
    <ClCompile Include="ImGui\imgui_demo.cpp">
      <Filter>header/includes\ImGui</Filter>
    </ClCompile>
    <ClCompile Include="ImGui\imgui_draw.cpp">
      <Filter>header/includes\ImGui</Filter>
    </ClCompile>
    <ClCompile Include="ImGui\imgui_tables.cpp">
      <Filter>header/includes\ImGui</Filter>
    </ClCompile>
    <ClCompile Include="ImGui\imgui_widgets.cpp">
      <Filter>header/includes\ImGui</Filter>
    </ClCompile>
    <ClCompile Include="UI.cpp">
      <Filter>source</Filter>
    </ClCompile>
    <ClCompile Include="Drawing.cpp">
      <Filter>source</Filter>
    </ClCompile>
    <ClCompile Include="ImGui\imgui_impl_dx11.cpp">
      <Filter>header/includes\ImGui</Filter>
    </ClCompile>
    <ClCompile Include="ImGui\imgui_impl_win32.cpp">
      <Filter>header/includes\ImGui</Filter>
    </ClCompile>
  </ItemGroup>
  <ItemGroup>
    <ClInclude Include="ImGui\imconfig.h">
      <Filter>header/includes\ImGui</Filter>
    </ClInclude>
    <ClInclude Include="ImGui\imgui.h">
      <Filter>header/includes\ImGui</Filter>
    </ClInclude>
    <ClInclude Include="ImGui\imgui_internal.h">
      <Filter>header/includes\ImGui</Filter>
    </ClInclude>
    <ClInclude Include="ImGui\imstb_rectpack.h">
      <Filter>header/includes\ImGui</Filter>
    </ClInclude>
    <ClInclude Include="ImGui\imstb_textedit.h">
      <Filter>header/includes\ImGui</Filter>
    </ClInclude>
    <ClInclude Include="ImGui\imstb_truetype.h">
      <Filter>header/includes\ImGui</Filter>
    </ClInclude>
    <ClInclude Include="UI.h">
      <Filter>header/includes</Filter>
    </ClInclude>
    <ClInclude Include="Drawing.h">
      <Filter>header/includes</Filter>
    </ClInclude>
    <ClInclude Include="ImGui\imgui_impl_dx11.h">
      <Filter>header/includes\ImGui</Filter>
    </ClInclude>
    <ClInclude Include="ImGui\imgui_impl_win32.h">
      <Filter>header/includes\ImGui</Filter>
    </ClInclude>
    <ClInclude Include="pch.h">
      <Filter>header/includes</Filter>
    </ClInclude>
    <ClInclude Include="func.h">
      <Filter>source\funtions</Filter>
    </ClInclude>
    <ClInclude Include="style.h">
      <Filter>header/includes</Filter>
    </ClInclude>
  </ItemGroup>
</Project>